
Microsoft Visual Studio Solution File, Format Version 12.00
# Visual Studio Version 16
VisualStudioVersion = 16.0.29411.138
MinimumVisualStudioVersion = 10.0.40219.1
Project("{9A19103F-16F7-4668-BE54-9A1E7A4F7556}") = "Cornichon", "Cornichon.csproj", "{49C381FB-B370-4435-BD13-26C06E4B2DAA}"
EndProject
Global
	GlobalSection(SolutionConfigurationPlatforms) = preSolution
		Debug|Any CPU = Debug|Any CPU
		Release|Any CPU = Release|Any CPU
	EndGlobalSection
	GlobalSection(ProjectConfigurationPlatforms) = postSolution
		{49C381FB-B370-4435-BD13-26C06E4B2DAA}.Debug|Any CPU.ActiveCfg = Debug|Any CPU
		{49C381FB-B370-4435-BD13-26C06E4B2DAA}.Debug|Any CPU.Build.0 = Debug|Any CPU
		{49C381FB-B370-4435-BD13-26C06E4B2DAA}.Release|Any CPU.ActiveCfg = Release|Any CPU
		{49C381FB-B370-4435-BD13-26C06E4B2DAA}.Release|Any CPU.Build.0 = Release|Any CPU
	EndGlobalSection
	GlobalSection(SolutionProperties) = preSolution
		HideSolutionNode = FALSE
	EndGlobalSection
	GlobalSection(ExtensibilityGlobals) = postSolution
		SolutionGuid = {049882D9-C9B3-4A02-ABD1-BE5930C5726A}
	EndGlobalSection
EndGlobal
